
Microsoft Visual Studio Solution File, Format Version 12.00
# Visual Studio Version 16
VisualStudioVersion = 16.0.32630.194
MinimumVisualStudioVersion = 10.0.40219.1
Project("{FAE04EC0-301F-11D3-BF4B-00C04F79EFBC}") = "PCluster_PC_Utility", "PCluster_PC_Utility\PCluster_PC_Utility.csproj", "{6E9E574F-8576-4CE1-A81B-EA4EF2DE2FB6}"
EndProject
Global
	GlobalSection(SolutionConfigurationPlatforms) = preSolution
		Debug|Any CPU = Debug|Any CPU
		Release|Any CPU = Release|Any CPU
	EndGlobalSection
	GlobalSection(ProjectConfigurationPlatforms) = postSolution
		{6E9E574F-8576-4CE1-A81B-EA4EF2DE2FB6}.Debug|Any CPU.ActiveCfg = Debug|Any CPU
		{6E9E574F-8576-4CE1-A81B-EA4EF2DE2FB6}.Debug|Any CPU.Build.0 = Debug|Any CPU
		{6E9E574F-8576-4CE1-A81B-EA4EF2DE2FB6}.Release|Any CPU.ActiveCfg = Release|Any CPU
		{6E9E574F-8576-4CE1-A81B-EA4EF2DE2FB6}.Release|Any CPU.Build.0 = Release|Any CPU
	EndGlobalSection
	GlobalSection(SolutionProperties) = preSolution
		HideSolutionNode = FALSE
	EndGlobalSection
	GlobalSection(ExtensibilityGlobals) = postSolution
		SolutionGuid = {D297DEAB-BAE0-4948-9F73-385ABD527801}
	EndGlobalSection
EndGlobal
